
Microsoft Visual Studio Solution File, Format Version 12.00
# Visual Studio Version 17
VisualStudioVersion = 17.2.32516.85
MinimumVisualStudioVersion = 10.0.40219.1
Project("{9A19103F-16F7-4668-BE54-9A1E7A4F7556}") = "Mvc", "Mvc\Mvc.csproj", "{4581D7D4-BAEC-49AD-8E29-79E5CFE210EA}"
EndProject
Project("{9A19103F-16F7-4668-BE54-9A1E7A4F7556}") = "AppCore", "AppCore\AppCore.csproj", "{D2849B66-BE80-460B-B5C9-EDCDCB80C938}"
EndProject
Project("{9A19103F-16F7-4668-BE54-9A1E7A4F7556}") = "DataAccess", "DataAccess\DataAccess.csproj", "{3803918C-18C7-4E4B-BE9C-8E0793D41CA4}"
EndProject
Project("{FAE04EC0-301F-11D3-BF4B-00C04F79EFBC}") = "Business", "Business\Business.csproj", "{E549E5EB-0552-4F51-9E36-CB591FA7F145}"
EndProject
Global
	GlobalSection(SolutionConfigurationPlatforms) = preSolution
		Debug|Any CPU = Debug|Any CPU
		Release|Any CPU = Release|Any CPU
	EndGlobalSection
	GlobalSection(ProjectConfigurationPlatforms) = postSolution
		{4581D7D4-BAEC-49AD-8E29-79E5CFE210EA}.Debug|Any CPU.ActiveCfg = Debug|Any CPU
		{4581D7D4-BAEC-49AD-8E29-79E5CFE210EA}.Debug|Any CPU.Build.0 = Debug|Any CPU
		{4581D7D4-BAEC-49AD-8E29-79E5CFE210EA}.Release|Any CPU.ActiveCfg = Release|Any CPU
		{4581D7D4-BAEC-49AD-8E29-79E5CFE210EA}.Release|Any CPU.Build.0 = Release|Any CPU
		{D2849B66-BE80-460B-B5C9-EDCDCB80C938}.Debug|Any CPU.ActiveCfg = Debug|Any CPU
		{D2849B66-BE80-460B-B5C9-EDCDCB80C938}.Debug|Any CPU.Build.0 = Debug|Any CPU
		{D2849B66-BE80-460B-B5C9-EDCDCB80C938}.Release|Any CPU.ActiveCfg = Release|Any CPU
		{D2849B66-BE80-460B-B5C9-EDCDCB80C938}.Release|Any CPU.Build.0 = Release|Any CPU
		{3803918C-18C7-4E4B-BE9C-8E0793D41CA4}.Debug|Any CPU.ActiveCfg = Debug|Any CPU
		{3803918C-18C7-4E4B-BE9C-8E0793D41CA4}.Debug|Any CPU.Build.0 = Debug|Any CPU
		{3803918C-18C7-4E4B-BE9C-8E0793D41CA4}.Release|Any CPU.ActiveCfg = Release|Any CPU
		{3803918C-18C7-4E4B-BE9C-8E0793D41CA4}.Release|Any CPU.Build.0 = Release|Any CPU
		{E549E5EB-0552-4F51-9E36-CB591FA7F145}.Debug|Any CPU.ActiveCfg = Debug|Any CPU
		{E549E5EB-0552-4F51-9E36-CB591FA7F145}.Debug|Any CPU.Build.0 = Debug|Any CPU
		{E549E5EB-0552-4F51-9E36-CB591FA7F145}.Release|Any CPU.ActiveCfg = Release|Any CPU
		{E549E5EB-0552-4F51-9E36-CB591FA7F145}.Release|Any CPU.Build.0 = Release|Any CPU
	EndGlobalSection
	GlobalSection(SolutionProperties) = preSolution
		HideSolutionNode = FALSE
	EndGlobalSection
	GlobalSection(ExtensibilityGlobals) = postSolution
		SolutionGuid = {C6415076-8DE1-45E0-959F-221D6964D133}
	EndGlobalSection
EndGlobal
